
Microsoft Visual Studio Solution File, Format Version 12.00
# Visual Studio Version 16
VisualStudioVersion = 16.0.29503.13
MinimumVisualStudioVersion = 10.0.40219.1
Project("{FAE04EC0-301F-11D3-BF4B-00C04F79EFBC}") = "webapptest", "webapptest\webapptest.csproj", "{7849CCF0-98B4-457A-A918-1B4811FC2BB2}"
EndProject
Global
	GlobalSection(SolutionConfigurationPlatforms) = preSolution
		Debug|Any CPU = Debug|Any CPU
		Release|Any CPU = Release|Any CPU
	EndGlobalSection
	GlobalSection(ProjectConfigurationPlatforms) = postSolution
		{7849CCF0-98B4-457A-A918-1B4811FC2BB2}.Debug|Any CPU.ActiveCfg = Debug|Any CPU
		{7849CCF0-98B4-457A-A918-1B4811FC2BB2}.Debug|Any CPU.Build.0 = Debug|Any CPU
		{7849CCF0-98B4-457A-A918-1B4811FC2BB2}.Release|Any CPU.ActiveCfg = Release|Any CPU
		{7849CCF0-98B4-457A-A918-1B4811FC2BB2}.Release|Any CPU.Build.0 = Release|Any CPU
	EndGlobalSection
	GlobalSection(SolutionProperties) = preSolution
		HideSolutionNode = FALSE
	EndGlobalSection
	GlobalSection(ExtensibilityGlobals) = postSolution
		SolutionGuid = {9AEFFAF7-301D-415A-BB34-4B3031C9526E}
	EndGlobalSection
EndGlobal
